
Microsoft Visual Studio Solution File, Format Version 12.00
# Visual Studio Version 16
VisualStudioVersion = 16.0.30002.166
MinimumVisualStudioVersion = 10.0.40219.1
Project("{9A19103F-16F7-4668-BE54-9A1E7A4F7556}") = "foo.api", "foo.api.csproj", "{39BD404C-C85A-4F39-9DBB-25E7D527B40F}"
EndProject
Global
	GlobalSection(SolutionConfigurationPlatforms) = preSolution
		Debug|Any CPU = Debug|Any CPU
		Release|Any CPU = Release|Any CPU
	EndGlobalSection
	GlobalSection(ProjectConfigurationPlatforms) = postSolution
		{39BD404C-C85A-4F39-9DBB-25E7D527B40F}.Debug|Any CPU.ActiveCfg = Debug|Any CPU
		{39BD404C-C85A-4F39-9DBB-25E7D527B40F}.Debug|Any CPU.Build.0 = Debug|Any CPU
		{39BD404C-C85A-4F39-9DBB-25E7D527B40F}.Release|Any CPU.ActiveCfg = Release|Any CPU
		{39BD404C-C85A-4F39-9DBB-25E7D527B40F}.Release|Any CPU.Build.0 = Release|Any CPU
	EndGlobalSection
	GlobalSection(SolutionProperties) = preSolution
		HideSolutionNode = FALSE
	EndGlobalSection
	GlobalSection(ExtensibilityGlobals) = postSolution
		SolutionGuid = {82B111BC-98CE-40B9-8D23-6006AF4EDFE9}
	EndGlobalSection
EndGlobal
